
Microsoft Visual Studio Solution File, Format Version 12.00
# Visual Studio Version 17
VisualStudioVersion = 17.5.002.0
MinimumVisualStudioVersion = 10.0.40219.1
Project("{9A19103F-16F7-4668-BE54-9A1E7A4F7556}") = "mis-221-pa6-mktownsend1", "mis-221-pa6-mktownsend1.csproj", "{B2488A2B-4C6D-4993-925D-61DFFFD44077}"
EndProject
Global
	GlobalSection(SolutionConfigurationPlatforms) = preSolution
		Debug|Any CPU = Debug|Any CPU
		Release|Any CPU = Release|Any CPU
	EndGlobalSection
	GlobalSection(ProjectConfigurationPlatforms) = postSolution
		{B2488A2B-4C6D-4993-925D-61DFFFD44077}.Debug|Any CPU.ActiveCfg = Debug|Any CPU
		{B2488A2B-4C6D-4993-925D-61DFFFD44077}.Debug|Any CPU.Build.0 = Debug|Any CPU
		{B2488A2B-4C6D-4993-925D-61DFFFD44077}.Release|Any CPU.ActiveCfg = Release|Any CPU
		{B2488A2B-4C6D-4993-925D-61DFFFD44077}.Release|Any CPU.Build.0 = Release|Any CPU
	EndGlobalSection
	GlobalSection(SolutionProperties) = preSolution
		HideSolutionNode = FALSE
	EndGlobalSection
	GlobalSection(ExtensibilityGlobals) = postSolution
		SolutionGuid = {37504A7B-FAD8-4AA4-BA5C-F7D98127699C}
	EndGlobalSection
EndGlobal
